
Microsoft Visual Studio Solution File, Format Version 12.00
# Visual Studio Version 17
VisualStudioVersion = 17.3.32901.215
MinimumVisualStudioVersion = 10.0.40219.1
Project("{FAE04EC0-301F-11D3-BF4B-00C04F79EFBC}") = "VyrokovaLogika", "VyrokovaLogika\VyrokovaLogika.csproj", "{3FE20DAB-DF92-46DD-BD8F-C1A83165EB29}"
EndProject
Global
	GlobalSection(SolutionConfigurationPlatforms) = preSolution
		Debug|Any CPU = Debug|Any CPU
		Release|Any CPU = Release|Any CPU
	EndGlobalSection
	GlobalSection(ProjectConfigurationPlatforms) = postSolution
		{3FE20DAB-DF92-46DD-BD8F-C1A83165EB29}.Debug|Any CPU.ActiveCfg = Debug|Any CPU
		{3FE20DAB-DF92-46DD-BD8F-C1A83165EB29}.Debug|Any CPU.Build.0 = Debug|Any CPU
		{3FE20DAB-DF92-46DD-BD8F-C1A83165EB29}.Release|Any CPU.ActiveCfg = Release|Any CPU
		{3FE20DAB-DF92-46DD-BD8F-C1A83165EB29}.Release|Any CPU.Build.0 = Release|Any CPU
	EndGlobalSection
	GlobalSection(SolutionProperties) = preSolution
		HideSolutionNode = FALSE
	EndGlobalSection
	GlobalSection(ExtensibilityGlobals) = postSolution
		SolutionGuid = {5FC2A9BB-48B4-4EE9-A196-E1908C375F41}
	EndGlobalSection
EndGlobal
